
Microsoft Visual Studio Solution File, Format Version 12.00
# Visual Studio Version 16
VisualStudioVersion = 16.0.28803.202
MinimumVisualStudioVersion = 10.0.40219.1
Project("{8BC9CEB8-8B4A-11D0-8D11-00A0C91BC942}") = "Bai 4", "Bai 4\Bai 4.vcxproj", "{F012D841-70B4-4768-8CCF-438AF5D39D4D}"
EndProject
Project("{8BC9CEB8-8B4A-11D0-8D11-00A0C91BC942}") = "Bai 5", "Bai 5\Bai 5.vcxproj", "{EA2E4127-9C6B-4255-8B91-97122ECA31F7}"
EndProject
Project("{8BC9CEB8-8B4A-11D0-8D11-00A0C91BC942}") = "Bai 6", "Bai 6\Bai 6.vcxproj", "{BF21092D-A938-46A1-86FA-E756E58CC888}"
EndProject
Project("{8BC9CEB8-8B4A-11D0-8D11-00A0C91BC942}") = "Bai 7", "Bai 7\Bai 7.vcxproj", "{5A22AACE-2AA8-412B-A3AF-6D3929162EBD}"
EndProject
Project("{8BC9CEB8-8B4A-11D0-8D11-00A0C91BC942}") = "Bai 8", "Bai 8\Bai 8.vcxproj", "{99AAA9A7-2074-44D5-B22E-9D9166375DF2}"
EndProject
Project("{8BC9CEB8-8B4A-11D0-8D11-00A0C91BC942}") = "Bai 9", "Bai 9\Bai 9.vcxproj", "{2A67D8F0-DC07-4C75-ABA9-B1513EE080BE}"
EndProject
Project("{8BC9CEB8-8B4A-11D0-8D11-00A0C91BC942}") = "Bai 1", "Bai 1\Bai 1.vcxproj", "{20BCB143-CF6B-4231-BFBE-C8BBBAD15A82}"
EndProject
Project("{8BC9CEB8-8B4A-11D0-8D11-00A0C91BC942}") = "Bai 2", "Bai 2\Bai 2.vcxproj", "{CD37BBFD-15C4-4E39-9D9F-AAB08714F1BB}"
EndProject
Project("{8BC9CEB8-8B4A-11D0-8D11-00A0C91BC942}") = "Bai 3", "Bai 3\Bai 3.vcxproj", "{BA3EAA7D-B22F-4755-80FD-0E16EF27E496}"
EndProject
Global
	GlobalSection(SolutionConfigurationPlatforms) = preSolution
		Debug|Win32 = Debug|Win32
		Debug|x64 = Debug|x64
		Debug|x86 = Debug|x86
		Release|Win32 = Release|Win32
		Release|x64 = Release|x64
		Release|x86 = Release|x86
	EndGlobalSection
	GlobalSection(ProjectConfigurationPlatforms) = postSolution
		{F012D841-70B4-4768-8CCF-438AF5D39D4D}.Debug|Win32.ActiveCfg = Debug|x64
		{F012D841-70B4-4768-8CCF-438AF5D39D4D}.Debug|Win32.Build.0 = Debug|x64
		{F012D841-70B4-4768-8CCF-438AF5D39D4D}.Debug|x64.ActiveCfg = Debug|x64
		{F012D841-70B4-4768-8CCF-438AF5D39D4D}.Debug|x64.Build.0 = Debug|x64
		{F012D841-70B4-4768-8CCF-438AF5D39D4D}.Debug|x86.ActiveCfg = Debug|Win32
		{F012D841-70B4-4768-8CCF-438AF5D39D4D}.Debug|x86.Build.0 = Debug|Win32
		{F012D841-70B4-4768-8CCF-438AF5D39D4D}.Release|Win32.ActiveCfg = Release|Win32
		{F012D841-70B4-4768-8CCF-438AF5D39D4D}.Release|Win32.Build.0 = Release|Win32
		{F012D841-70B4-4768-8CCF-438AF5D39D4D}.Release|x64.ActiveCfg = Release|x64
		{F012D841-70B4-4768-8CCF-438AF5D39D4D}.Release|x64.Build.0 = Release|x64
		{F012D841-70B4-4768-8CCF-438AF5D39D4D}.Release|x86.ActiveCfg = Release|Win32
		{F012D841-70B4-4768-8CCF-438AF5D39D4D}.Release|x86.Build.0 = Release|Win32
		{EA2E4127-9C6B-4255-8B91-97122ECA31F7}.Debug|Win32.ActiveCfg = Debug|x64
		{EA2E4127-9C6B-4255-8B91-97122ECA31F7}.Debug|Win32.Build.0 = Debug|x64
		{EA2E4127-9C6B-4255-8B91-97122ECA31F7}.Debug|x64.ActiveCfg = Debug|x64
		{EA2E4127-9C6B-4255-8B91-97122ECA31F7}.Debug|x64.Build.0 = Debug|x64
		{EA2E4127-9C6B-4255-8B91-97122ECA31F7}.Debug|x86.ActiveCfg = Debug|Win32
		{EA2E4127-9C6B-4255-8B91-97122ECA31F7}.Debug|x86.Build.0 = Debug|Win32
		{EA2E4127-9C6B-4255-8B91-97122ECA31F7}.Release|Win32.ActiveCfg = Release|Win32
		{EA2E4127-9C6B-4255-8B91-97122ECA31F7}.Release|Win32.Build.0 = Release|Win32
		{EA2E4127-9C6B-4255-8B91-97122ECA31F7}.Release|x64.ActiveCfg = Release|x64
		{EA2E4127-9C6B-4255-8B91-97122ECA31F7}.Release|x64.Build.0 = Release|x64
		{EA2E4127-9C6B-4255-8B91-97122ECA31F7}.Release|x86.ActiveCfg = Release|Win32
		{EA2E4127-9C6B-4255-8B91-97122ECA31F7}.Release|x86.Build.0 = Release|Win32
		{BF21092D-A938-46A1-86FA-E756E58CC888}.Debug|Win32.ActiveCfg = Debug|x64
		{BF21092D-A938-46A1-86FA-E756E58CC888}.Debug|Win32.Build.0 = Debug|x64
		{BF21092D-A938-46A1-86FA-E756E58CC888}.Debug|x64.ActiveCfg = Debug|x64
		{BF21092D-A938-46A1-86FA-E756E58CC888}.Debug|x64.Build.0 = Debug|x64
		{BF21092D-A938-46A1-86FA-E756E58CC888}.Debug|x86.ActiveCfg = Debug|Win32
		{BF21092D-A938-46A1-86FA-E756E58CC888}.Debug|x86.Build.0 = Debug|Win32
		{BF21092D-A938-46A1-86FA-E756E58CC888}.Release|Win32.ActiveCfg = Release|Win32
		{BF21092D-A938-46A1-86FA-E756E58CC888}.Release|Win32.Build.0 = Release|Win32
		{BF21092D-A938-46A1-86FA-E756E58CC888}.Release|x64.ActiveCfg = Release|x64
		{BF21092D-A938-46A1-86FA-E756E58CC888}.Release|x64.Build.0 = Release|x64
		{BF21092D-A938-46A1-86FA-E756E58CC888}.Release|x86.ActiveCfg = Release|Win32
		{BF21092D-A938-46A1-86FA-E756E58CC888}.Release|x86.Build.0 = Release|Win32
		{5A22AACE-2AA8-412B-A3AF-6D3929162EBD}.Debug|Win32.ActiveCfg = Debug|x64
		{5A22AACE-2AA8-412B-A3AF-6D3929162EBD}.Debug|Win32.Build.0 = Debug|x64
		{5A22AACE-2AA8-412B-A3AF-6D3929162EBD}.Debug|x64.ActiveCfg = Debug|x64
		{5A22AACE-2AA8-412B-A3AF-6D3929162EBD}.Debug|x64.Build.0 = Debug|x64
		{5A22AACE-2AA8-412B-A3AF-6D3929162EBD}.Debug|x86.ActiveCfg = Debug|Win32
		{5A22AACE-2AA8-412B-A3AF-6D3929162EBD}.Debug|x86.Build.0 = Debug|Win32
		{5A22AACE-2AA8-412B-A3AF-6D3929162EBD}.Release|Win32.ActiveCfg = Release|Win32
		{5A22AACE-2AA8-412B-A3AF-6D3929162EBD}.Release|Win32.Build.0 = Release|Win32
		{5A22AACE-2AA8-412B-A3AF-6D3929162EBD}.Release|x64.ActiveCfg = Release|x64
		{5A22AACE-2AA8-412B-A3AF-6D3929162EBD}.Release|x64.Build.0 = Release|x64
		{5A22AACE-2AA8-412B-A3AF-6D3929162EBD}.Release|x86.ActiveCfg = Release|Win32
		{5A22AACE-2AA8-412B-A3AF-6D3929162EBD}.Release|x86.Build.0 = Release|Win32
		{99AAA9A7-2074-44D5-B22E-9D9166375DF2}.Debug|Win32.ActiveCfg = Debug|x64
		{99AAA9A7-2074-44D5-B22E-9D9166375DF2}.Debug|Win32.Build.0 = Debug|x64
		{99AAA9A7-2074-44D5-B22E-9D9166375DF2}.Debug|x64.ActiveCfg = Debug|x64
		{99AAA9A7-2074-44D5-B22E-9D9166375DF2}.Debug|x64.Build.0 = Debug|x64
		{99AAA9A7-2074-44D5-B22E-9D9166375DF2}.Debug|x86.ActiveCfg = Debug|Win32
		{99AAA9A7-2074-44D5-B22E-9D9166375DF2}.Debug|x86.Build.0 = Debug|Win32
		{99AAA9A7-2074-44D5-B22E-9D9166375DF2}.Release|Win32.ActiveCfg = Release|Win32
		{99AAA9A7-2074-44D5-B22E-9D9166375DF2}.Release|Win32.Build.0 = Release|Win32
		{99AAA9A7-2074-44D5-B22E-9D9166375DF2}.Release|x64.ActiveCfg = Release|x64
		{99AAA9A7-2074-44D5-B22E-9D9166375DF2}.Release|x64.Build.0 = Release|x64
		{99AAA9A7-2074-44D5-B22E-9D9166375DF2}.Release|x86.ActiveCfg = Release|Win32
		{99AAA9A7-2074-44D5-B22E-9D9166375DF2}.Release|x86.Build.0 = Release|Win32
		{2A67D8F0-DC07-4C75-ABA9-B1513EE080BE}.Debug|Win32.ActiveCfg = Debug|x64
		{2A67D8F0-DC07-4C75-ABA9-B1513EE080BE}.Debug|Win32.Build.0 = Debug|x64
		{2A67D8F0-DC07-4C75-ABA9-B1513EE080BE}.Debug|x64.ActiveCfg = Debug|x64
		{2A67D8F0-DC07-4C75-ABA9-B1513EE080BE}.Debug|x64.Build.0 = Debug|x64
		{2A67D8F0-DC07-4C75-ABA9-B1513EE080BE}.Debug|x86.ActiveCfg = Debug|Win32
		{2A67D8F0-DC07-4C75-ABA9-B1513EE080BE}.Debug|x86.Build.0 = Debug|Win32
		{2A67D8F0-DC07-4C75-ABA9-B1513EE080BE}.Release|Win32.ActiveCfg = Release|Win32
		{2A67D8F0-DC07-4C75-ABA9-B1513EE080BE}.Release|Win32.Build.0 = Release|Win32
		{2A67D8F0-DC07-4C75-ABA9-B1513EE080BE}.Release|x64.ActiveCfg = Release|x64
		{2A67D8F0-DC07-4C75-ABA9-B1513EE080BE}.Release|x64.Build.0 = Release|x64
		{2A67D8F0-DC07-4C75-ABA9-B1513EE080BE}.Release|x86.ActiveCfg = Release|Win32
		{2A67D8F0-DC07-4C75-ABA9-B1513EE080BE}.Release|x86.Build.0 = Release|Win32
		{20BCB143-CF6B-4231-BFBE-C8BBBAD15A82}.Debug|Win32.ActiveCfg = Debug|Win32
		{20BCB143-CF6B-4231-BFBE-C8BBBAD15A82}.Debug|Win32.Build.0 = Debug|Win32
		{20BCB143-CF6B-4231-BFBE-C8BBBAD15A82}.Debug|x64.ActiveCfg = Debug|Win32
		{20BCB143-CF6B-4231-BFBE-C8BBBAD15A82}.Debug|x64.Build.0 = Debug|Win32
		{20BCB143-CF6B-4231-BFBE-C8BBBAD15A82}.Debug|x86.ActiveCfg = Debug|Win32
		{20BCB143-CF6B-4231-BFBE-C8BBBAD15A82}.Debug|x86.Build.0 = Debug|Win32
		{20BCB143-CF6B-4231-BFBE-C8BBBAD15A82}.Release|Win32.ActiveCfg = Release|Win32
		{20BCB143-CF6B-4231-BFBE-C8BBBAD15A82}.Release|Win32.Build.0 = Release|Win32
		{20BCB143-CF6B-4231-BFBE-C8BBBAD15A82}.Release|x64.ActiveCfg = Release|x64
		{20BCB143-CF6B-4231-BFBE-C8BBBAD15A82}.Release|x64.Build.0 = Release|x64
		{20BCB143-CF6B-4231-BFBE-C8BBBAD15A82}.Release|x86.ActiveCfg = Release|Win32
		{20BCB143-CF6B-4231-BFBE-C8BBBAD15A82}.Release|x86.Build.0 = Release|Win32
		{CD37BBFD-15C4-4E39-9D9F-AAB08714F1BB}.Debug|Win32.ActiveCfg = Debug|Win32
		{CD37BBFD-15C4-4E39-9D9F-AAB08714F1BB}.Debug|Win32.Build.0 = Debug|Win32
		{CD37BBFD-15C4-4E39-9D9F-AAB08714F1BB}.Debug|x64.ActiveCfg = Debug|Win32
		{CD37BBFD-15C4-4E39-9D9F-AAB08714F1BB}.Debug|x64.Build.0 = Debug|Win32
		{CD37BBFD-15C4-4E39-9D9F-AAB08714F1BB}.Debug|x86.ActiveCfg = Debug|Win32
		{CD37BBFD-15C4-4E39-9D9F-AAB08714F1BB}.Debug|x86.Build.0 = Debug|Win32
		{CD37BBFD-15C4-4E39-9D9F-AAB08714F1BB}.Release|Win32.ActiveCfg = Release|Win32
		{CD37BBFD-15C4-4E39-9D9F-AAB08714F1BB}.Release|Win32.Build.0 = Release|Win32
		{CD37BBFD-15C4-4E39-9D9F-AAB08714F1BB}.Release|x64.ActiveCfg = Release|x64
		{CD37BBFD-15C4-4E39-9D9F-AAB08714F1BB}.Release|x64.Build.0 = Release|x64
		{CD37BBFD-15C4-4E39-9D9F-AAB08714F1BB}.Release|x86.ActiveCfg = Release|Win32
		{CD37BBFD-15C4-4E39-9D9F-AAB08714F1BB}.Release|x86.Build.0 = Release|Win32
		{BA3EAA7D-B22F-4755-80FD-0E16EF27E496}.Debug|Win32.ActiveCfg = Debug|Win32
		{BA3EAA7D-B22F-4755-80FD-0E16EF27E496}.Debug|Win32.Build.0 = Debug|Win32
		{BA3EAA7D-B22F-4755-80FD-0E16EF27E496}.Debug|x64.ActiveCfg = Debug|Win32
		{BA3EAA7D-B22F-4755-80FD-0E16EF27E496}.Debug|x64.Build.0 = Debug|Win32
		{BA3EAA7D-B22F-4755-80FD-0E16EF27E496}.Debug|x86.ActiveCfg = Debug|Win32
		{BA3EAA7D-B22F-4755-80FD-0E16EF27E496}.Debug|x86.Build.0 = Debug|Win32
		{BA3EAA7D-B22F-4755-80FD-0E16EF27E496}.Release|Win32.ActiveCfg = Release|Win32
		{BA3EAA7D-B22F-4755-80FD-0E16EF27E496}.Release|Win32.Build.0 = Release|Win32
		{BA3EAA7D-B22F-4755-80FD-0E16EF27E496}.Release|x64.ActiveCfg = Release|x64
		{BA3EAA7D-B22F-4755-80FD-0E16EF27E496}.Release|x64.Build.0 = Release|x64
		{BA3EAA7D-B22F-4755-80FD-0E16EF27E496}.Release|x86.ActiveCfg = Release|Win32
		{BA3EAA7D-B22F-4755-80FD-0E16EF27E496}.Release|x86.Build.0 = Release|Win32
	EndGlobalSection
	GlobalSection(SolutionProperties) = preSolution
		HideSolutionNode = FALSE
	EndGlobalSection
	GlobalSection(ExtensibilityGlobals) = postSolution
		SolutionGuid = {D789684A-9BE3-4701-9CAA-4C4BC5759F10}
	EndGlobalSection
EndGlobal
