<?xml version="1.0" encoding="utf-8"?>
<Project ToolsVersion="4.0" xmlns="http://schemas.microsoft.com/developer/msbuild/2003">
  <ItemGroup>
    <Filter Include="Source Files">
      <UniqueIdentifier>{4FC737F1-C7A5-4376-A066-2A32D752A2FF}</UniqueIdentifier>
      <Extensions>cpp;c;cc;cxx;def;odl;idl;hpj;bat;asm;asmx</Extensions>
    </Filter>
    <Filter Include="Header Files">
      <UniqueIdentifier>{93995380-89BD-4b04-88EB-625FBE52EBFB}</UniqueIdentifier>
      <Extensions>h;hh;hpp;hxx;hm;inl;inc;ipp;xsd</Extensions>
    </Filter>
    <Filter Include="Resource Files">
      <UniqueIdentifier>{67DA6AB6-F800-4c08-8B7A-83BB121AAD01}</UniqueIdentifier>
      <Extensions>rc;ico;cur;bmp;dlg;rc2;rct;bin;rgs;gif;jpg;jpeg;jpe;resx;tiff;tif;png;wav;mfcribbon-ms</Extensions>
    </Filter>
    <Filter Include="Header Files\Do Hoa">
      <UniqueIdentifier>{a2af57ca-30cd-4507-9952-b9bf3118d7ed}</UniqueIdentifier>
    </Filter>
    <Filter Include="Source Files\Da Giac">
      <UniqueIdentifier>{9991c5de-1910-46b0-afe1-299fa86d8afe}</UniqueIdentifier>
    </Filter>
    <Filter Include="Header Files\Da Giac">
      <UniqueIdentifier>{c4bde4a7-f301-4f6b-bc42-f562f00a8a6a}</UniqueIdentifier>
    </Filter>
    <Filter Include="Source Files\Da Giac\Tu Giac">
      <UniqueIdentifier>{8e5ad151-120d-4209-9be5-de10baa89102}</UniqueIdentifier>
    </Filter>
    <Filter Include="Header Files\Da Giac\Tu Giac">
      <UniqueIdentifier>{2c5d6b40-90ff-4f18-9510-69580342ec17}</UniqueIdentifier>
    </Filter>
  </ItemGroup>
  <ItemGroup>
    <ClCompile Include="DaGiac.cpp">
      <Filter>Source Files</Filter>
    </ClCompile>
    <ClCompile Include="Diem.cpp">
      <Filter>Source Files</Filter>
    </ClCompile>
    <ClCompile Include="Source.cpp">
      <Filter>Source Files</Filter>
    </ClCompile>
    <ClCompile Include="TuGiac.cpp">
      <Filter>Source Files\Da Giac</Filter>
    </ClCompile>
    <ClCompile Include="NguGiac.cpp">
      <Filter>Source Files\Da Giac</Filter>
    </ClCompile>
    <ClCompile Include="HinhBinhHanh.cpp">
      <Filter>Source Files\Da Giac\Tu Giac</Filter>
    </ClCompile>
    <ClCompile Include="HinhChuNhat.cpp">
      <Filter>Source Files\Da Giac\Tu Giac</Filter>
    </ClCompile>
    <ClCompile Include="HinhVuong.cpp">
      <Filter>Source Files\Da Giac\Tu Giac</Filter>
    </ClCompile>
    <ClCompile Include="TamGiac.cpp">
      <Filter>Source Files\Da Giac</Filter>
    </ClCompile>
  </ItemGroup>
  <ItemGroup>
    <ClInclude Include="DaGiac.h">
      <Filter>Header Files</Filter>
    </ClInclude>
    <ClInclude Include="Diem.h">
      <Filter>Header Files</Filter>
    </ClInclude>
    <ClInclude Include="Do Hoa\graphics.h">
      <Filter>Header Files\Do Hoa</Filter>
    </ClInclude>
    <ClInclude Include="NguGiac.h">
      <Filter>Header Files\Da Giac</Filter>
    </ClInclude>
    <ClInclude Include="TuGiac.h">
      <Filter>Header Files\Da Giac</Filter>
    </ClInclude>
    <ClInclude Include="HinhBinhHanh.h">
      <Filter>Header Files\Da Giac\Tu Giac</Filter>
    </ClInclude>
    <ClInclude Include="HinhChuNhat.h">
      <Filter>Header Files\Da Giac\Tu Giac</Filter>
    </ClInclude>
    <ClInclude Include="HinhVuong.h">
      <Filter>Header Files\Da Giac\Tu Giac</Filter>
    </ClInclude>
    <ClInclude Include="TamGiac.h">
      <Filter>Header Files\Da Giac</Filter>
    </ClInclude>
  </ItemGroup>
  <ItemGroup>
    <Library Include="Do Hoa\graphics.lib">
      <Filter>Header Files\Do Hoa</Filter>
    </Library>
  </ItemGroup>
</Project>